
Microsoft Visual Studio Solution File, Format Version 12.00
# Visual Studio Version 17
VisualStudioVersion = 17.0.31912.275
MinimumVisualStudioVersion = 10.0.40219.1
Project("{9A19103F-16F7-4668-BE54-9A1E7A4F7556}") = "PSM.Core", "PSM.Core\PSM.Core.csproj", "{A4A1B09F-8204-43AA-8ECB-6364FD8D1C89}"
EndProject
Project("{2150E333-8FDC-42A3-9474-1A3956D46DE8}") = "Solution Items", "Solution Items", "{D0081D08-E47B-4D37-B902-5444F81FB8D8}"
	ProjectSection(SolutionItems) = preProject
		.editorconfig = .editorconfig
	EndProjectSection
EndProject
Global
	GlobalSection(SolutionConfigurationPlatforms) = preSolution
		Debug|Any CPU = Debug|Any CPU
		Release|Any CPU = Release|Any CPU
		No Web Panel|Any CPU = No Web Panel|Any CPU
	EndGlobalSection
	GlobalSection(ProjectConfigurationPlatforms) = postSolution
		{A4A1B09F-8204-43AA-8ECB-6364FD8D1C89}.Debug|Any CPU.ActiveCfg = Debug|Any CPU
		{A4A1B09F-8204-43AA-8ECB-6364FD8D1C89}.Debug|Any CPU.Build.0 = Debug|Any CPU
		{A4A1B09F-8204-43AA-8ECB-6364FD8D1C89}.Release|Any CPU.ActiveCfg = Release|Any CPU
		{A4A1B09F-8204-43AA-8ECB-6364FD8D1C89}.Release|Any CPU.Build.0 = Release|Any CPU
		{A4A1B09F-8204-43AA-8ECB-6364FD8D1C89}.No Web Panel|Any CPU.ActiveCfg = No Web Panel|Any CPU
		{A4A1B09F-8204-43AA-8ECB-6364FD8D1C89}.No Web Panel|Any CPU.Build.0 = No Web Panel|Any CPU
	EndGlobalSection
	GlobalSection(SolutionProperties) = preSolution
		HideSolutionNode = FALSE
	EndGlobalSection
	GlobalSection(ExtensibilityGlobals) = postSolution
		SolutionGuid = {CB9EAA92-5256-475A-9B8C-6515CBB11A81}
	EndGlobalSection
EndGlobal
